
Microsoft Visual Studio Solution File, Format Version 12.00
# Visual Studio Version 16
VisualStudioVersion = 16.0.30621.155
MinimumVisualStudioVersion = 10.0.40219.1
Project("{8BC9CEB8-8B4A-11D0-8D11-00A0C91BC942}") = "评分统计", "评分统计.vcxproj", "{972D558F-B740-4A79-A3A8-F4229334A4AF}"
EndProject
Global
	GlobalSection(SolutionConfigurationPlatforms) = preSolution
		Debug|x64 = Debug|x64
		Debug|x86 = Debug|x86
		Release|x64 = Release|x64
		Release|x86 = Release|x86
	EndGlobalSection
	GlobalSection(ProjectConfigurationPlatforms) = postSolution
		{972D558F-B740-4A79-A3A8-F4229334A4AF}.Debug|x64.ActiveCfg = Debug|x64
		{972D558F-B740-4A79-A3A8-F4229334A4AF}.Debug|x64.Build.0 = Debug|x64
		{972D558F-B740-4A79-A3A8-F4229334A4AF}.Debug|x86.ActiveCfg = Debug|Win32
		{972D558F-B740-4A79-A3A8-F4229334A4AF}.Debug|x86.Build.0 = Debug|Win32
		{972D558F-B740-4A79-A3A8-F4229334A4AF}.Release|x64.ActiveCfg = Release|x64
		{972D558F-B740-4A79-A3A8-F4229334A4AF}.Release|x64.Build.0 = Release|x64
		{972D558F-B740-4A79-A3A8-F4229334A4AF}.Release|x86.ActiveCfg = Release|Win32
		{972D558F-B740-4A79-A3A8-F4229334A4AF}.Release|x86.Build.0 = Release|Win32
	EndGlobalSection
	GlobalSection(SolutionProperties) = preSolution
		HideSolutionNode = FALSE
	EndGlobalSection
	GlobalSection(ExtensibilityGlobals) = postSolution
		SolutionGuid = {FD51C4DC-F211-4F1B-AA68-0B1B2F119737}
	EndGlobalSection
EndGlobal
